// !$*UTF8*$!
{
	archiveVersion = 1;
	classes = {
	};
	objectVersion = 46;
	objects = {

/* Begin PBXBuildFile section */
		A59FBA89197A5463006F3764 /* Foundation.framework in Frameworks */ = {isa = PBXBuildFile; fileRef = A59FBA88197A5463006F3764 /* Foundation.framework */; };
		A59FBA8B197A5463006F3764 /* CoreGraphics.framework in Frameworks */ = {isa = PBXBuildFile; fileRef = A59FBA8A197A5463006F3764 /* CoreGraphics.framework */; };
		A59FBA8D197A5463006F3764 /* UIKit.framework in Frameworks */ = {isa = PBXBuildFile; fileRef = A59FBA8C197A5463006F3764 /* UIKit.framework */; };
		A59FBA93197A5463006F3764 /* InfoPlist.strings in Resources */ = {isa = PBXBuildFile; fileRef = A59FBA91197A5463006F3764 /* InfoPlist.strings */; };
		A59FBA95197A5463006F3764 /* main.m in Sources */ = {isa = PBXBuildFile; fileRef = A59FBA94197A5463006F3764 /* main.m */; };
		A59FBA99197A5463006F3764 /* BASAppDelegate.m in Sources */ = {isa = PBXBuildFile; fileRef = A59FBA98197A5463006F3764 /* BASAppDelegate.m */; };
		A59FBA9C197A5463006F3764 /* Main.storyboard in Resources */ = {isa = PBXBuildFile; fileRef = A59FBA9A197A5463006F3764 /* Main.storyboard */; };
		A59FBA9F197A5463006F3764 /* BASViewController.m in Sources */ = {isa = PBXBuildFile; fileRef = A59FBA9E197A5463006F3764 /* BASViewController.m */; };
		A59FBAA1197A5463006F3764 /* Images.xcassets in Resources */ = {isa = PBXBuildFile; fileRef = A59FBAA0197A5463006F3764 /* Images.xcassets */; };
		A59FBAA8197A5463006F3764 /* XCTest.framework in Frameworks */ = {isa = PBXBuildFile; fileRef = A59FBAA7197A5463006F3764 /* XCTest.framework */; };
		A59FBAA9197A5463006F3764 /* Foundation.framework in Frameworks */ = {isa = PBXBuildFile; fileRef = A59FBA88197A5463006F3764 /* Foundation.framework */; };
		A59FBAAA197A5463006F3764 /* UIKit.framework in Frameworks */ = {isa = PBXBuildFile; fileRef = A59FBA8C197A5463006F3764 /* UIKit.framework */; };
		A59FBAB2197A5463006F3764 /* InfoPlist.strings in Resources */ = {isa = PBXBuildFile; fileRef = A59FBAB0197A5463006F3764 /* InfoPlist.strings */; };
		A59FBAB4197A5463006F3764 /* RestrauntSystemPadTests.m in Sources */ = {isa = PBXBuildFile; fileRef = A59FBAB3197A5463006F3764 /* RestrauntSystemPadTests.m */; };
/* End PBXBuildFile section */

/* Begin PBXContainerItemProxy section */
		A59FBAAB197A5463006F3764 /* PBXContainerItemProxy */ = {
			isa = PBXContainerItemProxy;
			containerPortal = A59FBA7D197A5463006F3764 /* Project object */;
			proxyType = 1;
			remoteGlobalIDString = A59FBA84197A5463006F3764;
			remoteInfo = RestrauntSystemPad;
		};
/* End PBXContainerItemProxy section */

/* Begin PBXFileReference section */
		A59FBA85197A5463006F3764 /* RestrauntSystemPad.app */ = {isa = PBXFileReference; explicitFileType = wrapper.application; includeInIndex = 0; path = RestrauntSystemPad.app; sourceTree = BUILT_PRODUCTS_DIR; };
		A59FBA88197A5463006F3764 /* Foundation.framework */ = {isa = PBXFileReference; lastKnownFileType = wrapper.framework; name = Foundation.framework; path = System/Library/Frameworks/Foundation.framework; sourceTree = SDKROOT; };
		A59FBA8A197A5463006F3764 /* CoreGraphics.framework */ = {isa = PBXFileReference; lastKnownFileType = wrapper.framework; name = CoreGraphics.framework; path = System/Library/Frameworks/CoreGraphics.framework; sourceTree = SDKROOT; };
		A59FBA8C197A5463006F3764 /* UIKit.framework */ = {isa = PBXFileReference; lastKnownFileType = wrapper.framework; name = UIKit.framework; path = System/Library/Frameworks/UIKit.framework; sourceTree = SDKROOT; };
		A59FBA90197A5463006F3764 /* RestrauntSystemPad-Info.plist */ = {isa = PBXFileReference; lastKnownFileType = text.plist.xml; path = "RestrauntSystemPad-Info.plist"; sourceTree = "<group>"; };
		A59FBA92197A5463006F3764 /* en */ = {isa = PBXFileReference; lastKnownFileType = text.plist.strings; name = en; path = en.lproj/InfoPlist.strings; sourceTree = "<group>"; };
		A59FBA94197A5463006F3764 /* main.m */ = {isa = PBXFileReference; lastKnownFileType = sourcecode.c.objc; path = main.m; sourceTree = "<group>"; };
		A59FBA96197A5463006F3764 /* RestrauntSystemPad-Prefix.pch */ = {isa = PBXFileReference; lastKnownFileType = sourcecode.c.h; path = "RestrauntSystemPad-Prefix.pch"; sourceTree = "<group>"; };
		A59FBA97197A5463006F3764 /* BASAppDelegate.h */ = {isa = PBXFileReference; lastKnownFileType = sourcecode.c.h; path = BASAppDelegate.h; sourceTree = "<group>"; };
		A59FBA98197A5463006F3764 /* BASAppDelegate.m */ = {isa = PBXFileReference; lastKnownFileType = sourcecode.c.objc; path = BASAppDelegate.m; sourceTree = "<group>"; };
		A59FBA9B197A5463006F3764 /* Base */ = {isa = PBXFileReference; lastKnownFileType = file.storyboard; name = Base; path = Base.lproj/Main.storyboard; sourceTree = "<group>"; };
		A59FBA9D197A5463006F3764 /* BASViewController.h */ = {isa = PBXFileReference; lastKnownFileType = sourcecode.c.h; path = BASViewController.h; sourceTree = "<group>"; };
		A59FBA9E197A5463006F3764 /* BASViewController.m */ = {isa = PBXFileReference; lastKnownFileType = sourcecode.c.objc; path = BASViewController.m; sourceTree = "<group>"; };
		A59FBAA0197A5463006F3764 /* Images.xcassets */ = {isa = PBXFileReference; lastKnownFileType = folder.assetcatalog; path = Images.xcassets; sourceTree = "<group>"; };
		A59FBAA6197A5463006F3764 /* RestrauntSystemPadTests.xctest */ = {isa = PBXFileReference; explicitFileType = wrapper.cfbundle; includeInIndex = 0; path = RestrauntSystemPadTests.xctest; sourceTree = BUILT_PRODUCTS_DIR; };
		A59FBAA7197A5463006F3764 /* XCTest.framework */ = {isa = PBXFileReference; lastKnownFileType = wrapper.framework; name = XCTest.framework; path = Library/Frameworks/XCTest.framework; sourceTree = DEVELOPER_DIR; };
		A59FBAAF197A5463006F3764 /* RestrauntSystemPadTests-Info.plist */ = {isa = PBXFileReference; lastKnownFileType = text.plist.xml; path = "RestrauntSystemPadTests-Info.plist"; sourceTree = "<group>"; };
		A59FBAB1197A5463006F3764 /* en */ = {isa = PBXFileReference; lastKnownFileType = text.plist.strings; name = en; path = en.lproj/InfoPlist.strings; sourceTree = "<group>"; };
		A59FBAB3197A5463006F3764 /* RestrauntSystemPadTests.m */ = {isa = PBXFileReference; lastKnownFileType = sourcecode.c.objc; path = RestrauntSystemPadTests.m; sourceTree = "<group>"; };
/* End PBXFileReference section */

/* Begin PBXFrameworksBuildPhase section */
		A59FBA82197A5463006F3764 /* Frameworks */ = {
			isa = PBXFrameworksBuildPhase;
			buildActionMask = 2147483647;
			files = (
				A59FBA8B197A5463006F3764 /* CoreGraphics.framework in Frameworks */,
				A59FBA8D197A5463006F3764 /* UIKit.framework in Frameworks */,
				A59FBA89197A5463006F3764 /* Foundation.framework in Frameworks */,
			);
			runOnlyForDeploymentPostprocessing = 0;
		};
		A59FBAA3197A5463006F3764 /* Frameworks */ = {
			isa = PBXFrameworksBuildPhase;
			buildActionMask = 2147483647;
			files = (
				A59FBAA8197A5463006F3764 /* XCTest.framework in Frameworks */,
				A59FBAAA197A5463006F3764 /* UIKit.framework in Frameworks */,
				A59FBAA9197A5463006F3764 /* Foundation.framework in Frameworks */,
			);
			runOnlyForDeploymentPostprocessing = 0;
		};
/* End PBXFrameworksBuildPhase section */

/* Begin PBXGroup section */
		A59FBA7C197A5463006F3764 = {
			isa = PBXGroup;
			children = (
				A59FBA8E197A5463006F3764 /* RestrauntSystemPad */,
				A59FBAAD197A5463006F3764 /* RestrauntSystemPadTests */,
				A59FBA87197A5463006F3764 /* Frameworks */,
				A59FBA86197A5463006F3764 /* Products */,
			);
			sourceTree = "<group>";
		};
		A59FBA86197A5463006F3764 /* Products */ = {
			isa = PBXGroup;
			children = (
				A59FBA85197A5463006F3764 /* RestrauntSystemPad.app */,
				A59FBAA6197A5463006F3764 /* RestrauntSystemPadTests.xctest */,
			);
			name = Products;
			sourceTree = "<group>";
		};
		A59FBA87197A5463006F3764 /* Frameworks */ = {
			isa = PBXGroup;
			children = (
				A59FBA88197A5463006F3764 /* Foundation.framework */,
				A59FBA8A197A5463006F3764 /* CoreGraphics.framework */,
				A59FBA8C197A5463006F3764 /* UIKit.framework */,
				A59FBAA7197A5463006F3764 /* XCTest.framework */,
			);
			name = Frameworks;
			sourceTree = "<group>";
		};
		A59FBA8E197A5463006F3764 /* RestrauntSystemPad */ = {
			isa = PBXGroup;
			children = (
				A59FBA97197A5463006F3764 /* BASAppDelegate.h */,
				A59FBA98197A5463006F3764 /* BASAppDelegate.m */,
				A59FBA9A197A5463006F3764 /* Main.storyboard */,
				A59FBA9D197A5463006F3764 /* BASViewController.h */,
				A59FBA9E197A5463006F3764 /* BASViewController.m */,
				A59FBAA0197A5463006F3764 /* Images.xcassets */,
				A59FBA8F197A5463006F3764 /* Supporting Files */,
			);
			path = RestrauntSystemPad;
			sourceTree = "<group>";
		};
		A59FBA8F197A5463006F3764 /* Supporting Files */ = {
			isa = PBXGroup;
			children = (
				A59FBA90197A5463006F3764 /* RestrauntSystemPad-Info.plist */,
				A59FBA91197A5463006F3764 /* InfoPlist.strings */,
				A59FBA94197A5463006F3764 /* main.m */,
				A59FBA96197A5463006F3764 /* RestrauntSystemPad-Prefix.pch */,
			);
			name = "Supporting Files";
			sourceTree = "<group>";
		};
		A59FBAAD197A5463006F3764 /* RestrauntSystemPadTests */ = {
			isa = PBXGroup;
			children = (
				A59FBAB3197A5463006F3764 /* RestrauntSystemPadTests.m */,
				A59FBAAE197A5463006F3764 /* Supporting Files */,
			);
			path = RestrauntSystemPadTests;
			sourceTree = "<group>";
		};
		A59FBAAE197A5463006F3764 /* Supporting Files */ = {
			isa = PBXGroup;
			children = (
				A59FBAAF197A5463006F3764 /* RestrauntSystemPadTests-Info.plist */,
				A59FBAB0197A5463006F3764 /* InfoPlist.strings */,
			);
			name = "Supporting Files";
			sourceTree = "<group>";
		};
/* End PBXGroup section */

/* Begin PBXNativeTarget section */
		A59FBA84197A5463006F3764 /* RestrauntSystemPad */ = {
			isa = PBXNativeTarget;
			buildConfigurationList = A59FBAB7197A5463006F3764 /* Build configuration list for PBXNativeTarget "RestrauntSystemPad" */;
			buildPhases = (
				A59FBA81197A5463006F3764 /* Sources */,
				A59FBA82197A5463006F3764 /* Frameworks */,
				A59FBA83197A5463006F3764 /* Resources */,
			);
			buildRules = (
			);
			dependencies = (
			);
			name = RestrauntSystemPad;
			productName = RestrauntSystemPad;
			productReference = A59FBA85197A5463006F3764 /* RestrauntSystemPad.app */;
			productType = "com.apple.product-type.application";
		};
		A59FBAA5197A5463006F3764 /* RestrauntSystemPadTests */ = {
			isa = PBXNativeTarget;
			buildConfigurationList = A59FBABA197A5463006F3764 /* Build configuration list for PBXNativeTarget "RestrauntSystemPadTests" */;
			buildPhases = (
				A59FBAA2197A5463006F3764 /* Sources */,
				A59FBAA3197A5463006F3764 /* Frameworks */,
				A59FBAA4197A5463006F3764 /* Resources */,
			);
			buildRules = (
			);
			dependencies = (
				A59FBAAC197A5463006F3764 /* PBXTargetDependency */,
			);
			name = RestrauntSystemPadTests;
			productName = RestrauntSystemPadTests;
			productReference = A59FBAA6197A5463006F3764 /* RestrauntSystemPadTests.xctest */;
			productType = "com.apple.product-type.bundle.unit-test";
		};
/* End PBXNativeTarget section */

/* Begin PBXProject section */
		A59FBA7D197A5463006F3764 /* Project object */ = {
			isa = PBXProject;
			attributes = {
				CLASSPREFIX = BAS;
				LastUpgradeCheck = 0510;
				ORGANIZATIONNAME = BestAppStudio;
				TargetAttributes = {
					A59FBAA5197A5463006F3764 = {
						TestTargetID = A59FBA84197A5463006F3764;
					};
				};
			};
			buildConfigurationList = A59FBA80197A5463006F3764 /* Build configuration list for PBXProject "RestrauntSystemPad" */;
			compatibilityVersion = "Xcode 3.2";
			developmentRegion = English;
			hasScannedForEncodings = 0;
			knownRegions = (
				en,
				Base,
			);
			mainGroup = A59FBA7C197A5463006F3764;
			productRefGroup = A59FBA86197A5463006F3764 /* Products */;
			projectDirPath = "";
			projectRoot = "";
			targets = (
				A59FBA84197A5463006F3764 /* RestrauntSystemPad */,
				A59FBAA5197A5463006F3764 /* RestrauntSystemPadTests */,
			);
		};
/* End PBXProject section */

/* Begin PBXResourcesBuildPhase section */
		A59FBA83197A5463006F3764 /* Resources */ = {
			isa = PBXResourcesBuildPhase;
			buildActionMask = 2147483647;
			files = (
				A59FBAA1197A5463006F3764 /* Images.xcassets in Resources */,
				A59FBA93197A5463006F3764 /* InfoPlist.strings in Resources */,
				A59FBA9C197A5463006F3764 /* Main.storyboard in Resources */,
			);
			runOnlyForDeploymentPostprocessing = 0;
		};
		A59FBAA4197A5463006F3764 /* Resources */ = {
			isa = PBXResourcesBuildPhase;
			buildActionMask = 2147483647;
			files = (
				A59FBAB2197A5463006F3764 /* InfoPlist.strings in Resources */,
			);
			runOnlyForDeploymentPostprocessing = 0;
		};
/* End PBXResourcesBuildPhase section */

/* Begin PBXSourcesBuildPhase section */
		A59FBA81197A5463006F3764 /* Sources */ = {
			isa = PBXSourcesBuildPhase;
			buildActionMask = 2147483647;
			files = (
				A59FBA95197A5463006F3764 /* main.m in Sources */,
				A59FBA9F197A5463006F3764 /* BASViewController.m in Sources */,
				A59FBA99197A5463006F3764 /* BASAppDelegate.m in Sources */,
			);
			runOnlyForDeploymentPostprocessing = 0;
		};
		A59FBAA2197A5463006F3764 /* Sources */ = {
			isa = PBXSourcesBuildPhase;
			buildActionMask = 2147483647;
			files = (
				A59FBAB4197A5463006F3764 /* RestrauntSystemPadTests.m in Sources */,
			);
			runOnlyForDeploymentPostprocessing = 0;
		};
/* End PBXSourcesBuildPhase section */

/* Begin PBXTargetDependency section */
		A59FBAAC197A5463006F3764 /* PBXTargetDependency */ = {
			isa = PBXTargetDependency;
			target = A59FBA84197A5463006F3764 /* RestrauntSystemPad */;
			targetProxy = A59FBAAB197A5463006F3764 /* PBXContainerItemProxy */;
		};
/* End PBXTargetDependency section */

/* Begin PBXVariantGroup section */
		A59FBA91197A5463006F3764 /* InfoPlist.strings */ = {
			isa = PBXVariantGroup;
			children = (
				A59FBA92197A5463006F3764 /* en */,
			);
			name = InfoPlist.strings;
			sourceTree = "<group>";
		};
		A59FBA9A197A5463006F3764 /* Main.storyboard */ = {
			isa = PBXVariantGroup;
			children = (
				A59FBA9B197A5463006F3764 /* Base */,
			);
			name = Main.storyboard;
			sourceTree = "<group>";
		};
		A59FBAB0197A5463006F3764 /* InfoPlist.strings */ = {
			isa = PBXVariantGroup;
			children = (
				A59FBAB1197A5463006F3764 /* en */,
			);
			name = InfoPlist.strings;
			sourceTree = "<group>";
		};
/* End PBXVariantGroup section */

/* Begin XCBuildConfiguration section */
		A59FBAB5197A5463006F3764 /* Debug */ = {
			isa = XCBuildConfiguration;
			buildSettings = {
				ALWAYS_SEARCH_USER_PATHS = NO;
				CLANG_CXX_LANGUAGE_STANDARD = "gnu++0x";
				CLANG_CXX_LIBRARY = "libc++";
				CLANG_ENABLE_MODULES = YES;
				CLANG_ENABLE_OBJC_ARC = YES;
				CLANG_WARN_BOOL_CONVERSION = YES;
				CLANG_WARN_CONSTANT_CONVERSION = YES;
				CLANG_WARN_DIRECT_OBJC_ISA_USAGE = YES_ERROR;
				CLANG_WARN_EMPTY_BODY = YES;
				CLANG_WARN_ENUM_CONVERSION = YES;
				CLANG_WARN_INT_CONVERSION = YES;
				CLANG_WARN_OBJC_ROOT_CLASS = YES_ERROR;
				CLANG_WARN__DUPLICATE_METHOD_MATCH = YES;
				"CODE_SIGN_IDENTITY[sdk=iphoneos*]" = "iPhone Developer";
				COPY_PHASE_STRIP = NO;
				GCC_C_LANGUAGE_STANDARD = gnu99;
				GCC_DYNAMIC_NO_PIC = NO;
				GCC_OPTIMIZATION_LEVEL = 0;
				GCC_PREPROCESSOR_DEFINITIONS = (
					"DEBUG=1",
					"$(inherited)",
				);
				GCC_SYMBOLS_PRIVATE_EXTERN = NO;
				GCC_WARN_64_TO_32_BIT_CONVERSION = YES;
				GCC_WARN_ABOUT_RETURN_TYPE = YES_ERROR;
				GCC_WARN_UNDECLARED_SELECTOR = YES;
				GCC_WARN_UNINITIALIZED_AUTOS = YES_AGGRESSIVE;
				GCC_WARN_UNUSED_FUNCTION = YES;
				GCC_WARN_UNUSED_VARIABLE = YES;
				IPHONEOS_DEPLOYMENT_TARGET = 7.1;
				ONLY_ACTIVE_ARCH = YES;
				SDKROOT = iphoneos;
				TARGETED_DEVICE_FAMILY = 2;
			};
			name = Debug;
		};
		A59FBAB6197A5463006F3764 /* Release */ = {
			isa = XCBuildConfiguration;
			buildSettings = {
				ALWAYS_SEARCH_USER_PATHS = NO;
				CLANG_CXX_LANGUAGE_STANDARD = "gnu++0x";
				CLANG_CXX_LIBRARY = "libc++";
				CLANG_ENABLE_MODULES = YES;
				CLANG_ENABLE_OBJC_ARC = YES;
				CLANG_WARN_BOOL_CONVERSION = YES;
				CLANG_WARN_CONSTANT_CONVERSION = YES;
				CLANG_WARN_DIRECT_OBJC_ISA_USAGE = YES_ERROR;
				CLANG_WARN_EMPTY_BODY = YES;
				CLANG_WARN_ENUM_CONVERSION = YES;
				CLANG_WARN_INT_CONVERSION = YES;
				CLANG_WARN_OBJC_ROOT_CLASS = YES_ERROR;
				CLANG_WARN__DUPLICATE_METHOD_MATCH = YES;
				"CODE_SIGN_IDENTITY[sdk=iphoneos*]" = "iPhone Developer";
				COPY_PHASE_STRIP = YES;
				ENABLE_NS_ASSERTIONS = NO;
				GCC_C_LANGUAGE_STANDARD = gnu99;
				GCC_WARN_64_TO_32_BIT_CONVERSION = YES;
				GCC_WARN_ABOUT_RETURN_TYPE = YES_ERROR;
				GCC_WARN_UNDECLARED_SELECTOR = YES;
				GCC_WARN_UNINITIALIZED_AUTOS = YES_AGGRESSIVE;
				GCC_WARN_UNUSED_FUNCTION = YES;
				GCC_WARN_UNUSED_VARIABLE = YES;
				IPHONEOS_DEPLOYMENT_TARGET = 7.1;
				SDKROOT = iphoneos;
				TARGETED_DEVICE_FAMILY = 2;
				VALIDATE_PRODUCT = YES;
			};
			name = Release;
		};
		A59FBAB8197A5463006F3764 /* Debug */ = {
			isa = XCBuildConfiguration;
			buildSettings = {
				ASSETCATALOG_COMPILER_APPICON_NAME = AppIcon;
				ASSETCATALOG_COMPILER_LAUNCHIMAGE_NAME = LaunchImage;
				GCC_PRECOMPILE_PREFIX_HEADER = YES;
				GCC_PREFIX_HEADER = "RestrauntSystemPad/RestrauntSystemPad-Prefix.pch";
				INFOPLIST_FILE = "RestrauntSystemPad/RestrauntSystemPad-Info.plist";
				PRODUCT_NAME = "$(TARGET_NAME)";
				WRAPPER_EXTENSION = app;
			};
			name = Debug;
		};
		A59FBAB9197A5463006F3764 /* Release */ = {
			isa = XCBuildConfiguration;
			buildSettings = {
				ASSETCATALOG_COMPILER_APPICON_NAME = AppIcon;
				ASSETCATALOG_COMPILER_LAUNCHIMAGE_NAME = LaunchImage;
				GCC_PRECOMPILE_PREFIX_HEADER = YES;
				GCC_PREFIX_HEADER = "RestrauntSystemPad/RestrauntSystemPad-Prefix.pch";
				INFOPLIST_FILE = "RestrauntSystemPad/RestrauntSystemPad-Info.plist";
				PRODUCT_NAME = "$(TARGET_NAME)";
				WRAPPER_EXTENSION = app;
			};
			name = Release;
		};
		A59FBABB197A5463006F3764 /* Debug */ = {
			isa = XCBuildConfiguration;
			buildSettings = {
				BUNDLE_LOADER = "$(BUILT_PRODUCTS_DIR)/RestrauntSystemPad.app/RestrauntSystemPad";
				FRAMEWORK_SEARCH_PATHS = (
					"$(SDKROOT)/Developer/Library/Frameworks",
					"$(inherited)",
					"$(DEVELOPER_FRAMEWORKS_DIR)",
				);
				GCC_PRECOMPILE_PREFIX_HEADER = YES;
				GCC_PREFIX_HEADER = "RestrauntSystemPad/RestrauntSystemPad-Prefix.pch";
				GCC_PREPROCESSOR_DEFINITIONS = (
					"DEBUG=1",
					"$(inherited)",
				);
				INFOPLIST_FILE = "RestrauntSystemPadTests/RestrauntSystemPadTests-Info.plist";
				PRODUCT_NAME = "$(TARGET_NAME)";
				TEST_HOST = "$(BUNDLE_LOADER)";
				WRAPPER_EXTENSION = xctest;
			};
			name = Debug;
		};
		A59FBABC197A5463006F3764 /* Release */ = {
			isa = XCBuildConfiguration;
			buildSettings = {
				BUNDLE_LOADER = "$(BUILT_PRODUCTS_DIR)/RestrauntSystemPad.app/RestrauntSystemPad";
				FRAMEWORK_SEARCH_PATHS = (
					"$(SDKROOT)/Developer/Library/Frameworks",
					"$(inherited)",
					"$(DEVELOPER_FRAMEWORKS_DIR)",
				);
				GCC_PRECOMPILE_PREFIX_HEADER = YES;
				GCC_PREFIX_HEADER = "RestrauntSystemPad/RestrauntSystemPad-Prefix.pch";
				INFOPLIST_FILE = "RestrauntSystemPadTests/RestrauntSystemPadTests-Info.plist";
				PRODUCT_NAME = "$(TARGET_NAME)";
				TEST_HOST = "$(BUNDLE_LOADER)";
				WRAPPER_EXTENSION = xctest;
			};
			name = Release;
		};
/* End XCBuildConfiguration section */

/* Begin XCConfigurationList section */
		A59FBA80197A5463006F3764 /* Build configuration list for PBXProject "RestrauntSystemPad" */ = {
			isa = XCConfigurationList;
			buildConfigurations = (
				A59FBAB5197A5463006F3764 /* Debug */,
				A59FBAB6197A5463006F3764 /* Release */,
			);
			defaultConfigurationIsVisible = 0;
			defaultConfigurationName = Release;
		};
		A59FBAB7197A5463006F3764 /* Build configuration list for PBXNativeTarget "RestrauntSystemPad" */ = {
			isa = XCConfigurationList;
			buildConfigurations = (
				A59FBAB8197A5463006F3764 /* Debug */,
				A59FBAB9197A5463006F3764 /* Release */,
			);
			defaultConfigurationIsVisible = 0;
		};
		A59FBABA197A5463006F3764 /* Build configuration list for PBXNativeTarget "RestrauntSystemPadTests" */ = {
			isa = XCConfigurationList;
			buildConfigurations = (
				A59FBABB197A5463006F3764 /* Debug */,
				A59FBABC197A5463006F3764 /* Release */,
			);
			defaultConfigurationIsVisible = 0;
		};
/* End XCConfigurationList section */
	};
	rootObject = A59FBA7D197A5463006F3764 /* Project object */;
}
